github.com/knakk/rdf v0.0.0-20190304171630-8521bf4c5042 h1:Vzdm5hdlLdpJOKK+hKtkV5u7xGZmNW6aUBjGcTfwx84=
github.com/knakk/rdf v0.0.0-20190304171630-8521bf4c5042/go.mod h1:fYE0718xXI13XMYLc6iHtvXudfyCGMsZ9hxSM1Ommpg=
github.com/lib/pq v1.2.0 h1:LXpIM/LZ5xGFhOpXAQUIMM1HdyqzVYM13zNdjCEEcA0=
github.com/lib/pq v1.2.0/go.mod h1:5WUZQaWbwv1U+lTReE5YruASi9Al49XbQIvNi/34Woo=
